
Microsoft Visual Studio Solution File, Format Version 12.00
# Visual Studio Version 16
VisualStudioVersion = 16.0.31702.278
MinimumVisualStudioVersion = 10.0.40219.1
Project("{9A19103F-16F7-4668-BE54-9A1E7A4F7556}") = "Application", "src\Application\Application.csproj", "{76651512-31FF-41C8-93BF-88F686DADEFB}"
EndProject
Project("{9A19103F-16F7-4668-BE54-9A1E7A4F7556}") = "Domain", "src\Domain\Domain.csproj", "{A8911016-8DD2-4E04-837D-3F83375F2516}"
EndProject
Project("{9A19103F-16F7-4668-BE54-9A1E7A4F7556}") = "AppImporter", "src\AppImporter\AppImporter.csproj", "{0B07D23F-C704-4E73-96D0-009B37A545AC}"
EndProject
Project("{9A19103F-16F7-4668-BE54-9A1E7A4F7556}") = "Infrastructure", "src\Infrastructure\Infrastructure.csproj", "{4797D2FC-D84C-492A-9160-9FD5B6BBB65F}"
EndProject
Project("{9A19103F-16F7-4668-BE54-9A1E7A4F7556}") = "CsvImporter.Units.Tests", "src\CsvImporter.Units.Tests\CsvImporter.Units.Tests.csproj", "{3756950F-8367-4D9D-82D3-2DDD3EAB5F10}"
EndProject
Project("{FAE04EC0-301F-11D3-BF4B-00C04F79EFBC}") = "CsvImporter.Integrations.Tests", "src\CsvImporter.Integration.Test\CsvImporter.Integrations.Tests.csproj", "{65A13710-A191-4EEC-BA4A-26E5F2711CFD}"
EndProject
Global
	GlobalSection(SolutionConfigurationPlatforms) = preSolution
		Debug|Any CPU = Debug|Any CPU
		Release|Any CPU = Release|Any CPU
	EndGlobalSection
	GlobalSection(ProjectConfigurationPlatforms) = postSolution
		{76651512-31FF-41C8-93BF-88F686DADEFB}.Debug|Any CPU.ActiveCfg = Debug|Any CPU
		{76651512-31FF-41C8-93BF-88F686DADEFB}.Debug|Any CPU.Build.0 = Debug|Any CPU
		{76651512-31FF-41C8-93BF-88F686DADEFB}.Release|Any CPU.ActiveCfg = Release|Any CPU
		{76651512-31FF-41C8-93BF-88F686DADEFB}.Release|Any CPU.Build.0 = Release|Any CPU
		{A8911016-8DD2-4E04-837D-3F83375F2516}.Debug|Any CPU.ActiveCfg = Debug|Any CPU
		{A8911016-8DD2-4E04-837D-3F83375F2516}.Debug|Any CPU.Build.0 = Debug|Any CPU
		{A8911016-8DD2-4E04-837D-3F83375F2516}.Release|Any CPU.ActiveCfg = Release|Any CPU
		{A8911016-8DD2-4E04-837D-3F83375F2516}.Release|Any CPU.Build.0 = Release|Any CPU
		{0B07D23F-C704-4E73-96D0-009B37A545AC}.Debug|Any CPU.ActiveCfg = Debug|Any CPU
		{0B07D23F-C704-4E73-96D0-009B37A545AC}.Debug|Any CPU.Build.0 = Debug|Any CPU
		{0B07D23F-C704-4E73-96D0-009B37A545AC}.Release|Any CPU.ActiveCfg = Release|Any CPU
		{0B07D23F-C704-4E73-96D0-009B37A545AC}.Release|Any CPU.Build.0 = Release|Any CPU
		{4797D2FC-D84C-492A-9160-9FD5B6BBB65F}.Debug|Any CPU.ActiveCfg = Debug|Any CPU
		{4797D2FC-D84C-492A-9160-9FD5B6BBB65F}.Debug|Any CPU.Build.0 = Debug|Any CPU
		{4797D2FC-D84C-492A-9160-9FD5B6BBB65F}.Release|Any CPU.ActiveCfg = Release|Any CPU
		{4797D2FC-D84C-492A-9160-9FD5B6BBB65F}.Release|Any CPU.Build.0 = Release|Any CPU
		{3756950F-8367-4D9D-82D3-2DDD3EAB5F10}.Debug|Any CPU.ActiveCfg = Debug|Any CPU
		{3756950F-8367-4D9D-82D3-2DDD3EAB5F10}.Debug|Any CPU.Build.0 = Debug|Any CPU
		{3756950F-8367-4D9D-82D3-2DDD3EAB5F10}.Release|Any CPU.ActiveCfg = Release|Any CPU
		{3756950F-8367-4D9D-82D3-2DDD3EAB5F10}.Release|Any CPU.Build.0 = Release|Any CPU
		{65A13710-A191-4EEC-BA4A-26E5F2711CFD}.Debug|Any CPU.ActiveCfg = Debug|Any CPU
		{65A13710-A191-4EEC-BA4A-26E5F2711CFD}.Debug|Any CPU.Build.0 = Debug|Any CPU
		{65A13710-A191-4EEC-BA4A-26E5F2711CFD}.Release|Any CPU.ActiveCfg = Release|Any CPU
		{65A13710-A191-4EEC-BA4A-26E5F2711CFD}.Release|Any CPU.Build.0 = Release|Any CPU
	EndGlobalSection
	GlobalSection(SolutionProperties) = preSolution
		HideSolutionNode = FALSE
	EndGlobalSection
	GlobalSection(ExtensibilityGlobals) = postSolution
		SolutionGuid = {A0F02FCA-6C4F-4B4A-B706-5A6803E6FBF8}
	EndGlobalSection
EndGlobal
